{
  "name": "linter",
  "lockfileVersion": 3,
  "requires": true,
  "packages": {
    "": {
      "name": "linter",
      "workspaces": [
        "packages/domain",
        "packages/engine",
        "packages/parser-typescript"
      ]
    },
    "node_modules/@linter/domain": {
      "resolved": "packages/engine",
      "link": true
    },
    "node_modules/@linter/engine": {
      "resolved": "packages/domain",
      "link": true
    },
    "node_modules/@linter/parser-typescript": {
      "resolved": "packages/parser-typescript",
      "link": true
    },
    "node_modules/@types/node": {
      "version": "22.5.0",
      "resolved": "https://registry.npmjs.org/@types/node/-/node-22.5.0.tgz",
      "integrity": "sha512-DkFrJOe+rfdHTqqMg0bSNlGlQ85hSoh2TPzZyhHsXnMtligRWpxUySiyw8FY14ITt24HVCiQPWxS3KO/QlGmWg==",
      "dev": true,
      "dependencies": {
        "undici-types": "~6.19.2"
      }
    },
    "node_modules/typescript": {
      "version": "5.5.4",
      "resolved": "https://registry.npmjs.org/typescript/-/typescript-5.5.4.tgz",
      "integrity": "sha512-Mtq29sKDAEYP7aljRgtPOpTvOfbwRWlS6dPRzwjdE+C0R4brX/GUyhHSecbHMFLNBLcJIPt9nl9yG5TZ1weH+Q==",
      "dev": true,
      "bin": {
        "tsc": "bin/tsc",
        "tsserver": "bin/tsserver"
      },
      "engines": {
        "node": ">=14.17"
      }
    },
    "node_modules/undici-types": {
      "version": "6.19.8",
      "resolved": "https://registry.npmjs.org/undici-types/-/undici-types-6.19.8.tgz",
      "integrity": "sha512-ve2KP6f/JnbPBFyobGHuerC9g1FYGn/F8n1LWTwNxCEzd6IfqTwUQcNXgEtmmQ6DlRrC1hrSrBnCZPokRrDHjw==",
      "dev": true
    },
    "packages/domain": {
      "name": "@linter/engine",
      "version": "1.0.0",
      "devDependencies": {
        "@types/node": "^22.5.0"
      }
    },
    "packages/engine": {
      "name": "@linter/domain",
      "version": "1.0.0",
      "devDependencies": {
        "@types/node": "^22.5.0",
        "typescript": "^5.5.4"
      }
    },
    "packages/parser-typescript": {
      "name": "@linter/parser-typescript",
      "version": "1.0.0",
      "devDependencies": {
        "@types/node": "^22.5.0",
        "typescript": "^5.5.4"
      }
    }
  }
}
